
Microsoft Visual Studio Solution File, Format Version 12.00
# Visual Studio 14
VisualStudioVersion = 14.0.24627.0
MinimumVisualStudioVersion = 10.0.40219.1
Project("{2150E333-8FDC-42A3-9474-1A3956D46DE8}") = "Silverlight", "Silverlight", "{27B0C3BF-B244-478B-90A3-B39BC997F285}"
EndProject
Project("{2150E333-8FDC-42A3-9474-1A3956D46DE8}") = "WPF", "WPF", "{760B5104-37F8-4671-BC8E-EA2309F847A8}"
EndProject
Project("{FAE04EC0-301F-11D3-BF4B-00C04F79EFBC}") = "ZoomAndPan.Silverlight", "ZoomAndPan\ZoomAndPan.Silverlight\ZoomAndPan.Silverlight.csproj", "{8E75887A-A164-41B8-86D5-8DC37768B5A3}"
EndProject
Project("{FAE04EC0-301F-11D3-BF4B-00C04F79EFBC}") = "FloatingWindowZUI.Silverlight", "FloatingWindowZUI\FloatingWindowZUI.Silverlight\FloatingWindowZUI.Silverlight.csproj", "{D7D67F52-7B9B-4DE5-9B72-534664F296B7}"
EndProject
Project("{FAE04EC0-301F-11D3-BF4B-00C04F79EFBC}") = "FloatingWindow.Silverlight", "FloatingWindow\FloatingWindow.Silverlight\FloatingWindow.Silverlight.csproj", "{3F3D3C8C-9724-4531-A04D-B92049F64686}"
EndProject
Project("{FAE04EC0-301F-11D3-BF4B-00C04F79EFBC}") = "FloatingWindow.WPF", "FloatingWindow\FloatingWindow.WPF\FloatingWindow.WPF.csproj", "{7C67AC53-E3BC-4482-8DFB-4CBAA644D280}"
EndProject
Project("{FAE04EC0-301F-11D3-BF4B-00C04F79EFBC}") = "ZoomAndPan.WPF", "ZoomAndPan\ZoomAndPan.WPF\ZoomAndPan.WPF.csproj", "{468ADEDE-6F5E-40C0-99C9-C6DAC4FAC934}"
EndProject
Project("{FAE04EC0-301F-11D3-BF4B-00C04F79EFBC}") = "FloatingWindowZUI.WPF", "FloatingWindowZUI\FloatingWindowZUI.WPF\FloatingWindowZUI.WPF.csproj", "{B467CD19-5D56-46FF-B3CA-10FE778F36E9}"
EndProject
Project("{2150E333-8FDC-42A3-9474-1A3956D46DE8}") = "Solution Items", "Solution Items", "{8B9582AD-8B35-42EB-8326-7902F4BE7705}"
	ProjectSection(SolutionItems) = preProject
		LICENSE.txt = LICENSE.txt
		README.md = README.md
	EndProjectSection
EndProject
Project("{2150E333-8FDC-42A3-9474-1A3956D46DE8}") = "NuGet", "NuGet", "{C5EAC13A-E17A-4713-AA3B-53754BF1FC44}"
	ProjectSection(SolutionItems) = preProject
		NuGet\ZUI.nuspec = NuGet\ZUI.nuspec
	EndProjectSection
EndProject
Project("{2150E333-8FDC-42A3-9474-1A3956D46DE8}") = "Demos", "Demos", "{83B3BF55-8C1A-42E6-A64A-8764FAE473C4}"
EndProject
Project("{FAE04EC0-301F-11D3-BF4B-00C04F79EFBC}") = "FloatingWindow.WPF.Demo", "FloatingWindow\FloatingWindow.WPF.Demo\FloatingWindow.WPF.Demo.csproj", "{A7CB8324-81B9-48C4-9357-3AAD3A4E8982}"
EndProject
Project("{FAE04EC0-301F-11D3-BF4B-00C04F79EFBC}") = "FloatingWindowZUI.WPF.Demo", "FloatingWindowZUI\FloatingWindowZUI.WPF.Demo\FloatingWindowZUI.WPF.Demo.csproj", "{33CE99A3-8F43-421C-997A-4FF17FE1BE61}"
EndProject
Project("{FAE04EC0-301F-11D3-BF4B-00C04F79EFBC}") = "ZoomAndPan.Demo.Simple.WPF", "ZoomAndPan\ZoomAndPan.Demo.Simple\ZoomAndPan.Demo.Simple.WPF\ZoomAndPan.Demo.Simple.WPF.csproj", "{A84A4C53-7584-4F14-B1A9-109CF127C59C}"
EndProject
Project("{2150E333-8FDC-42A3-9474-1A3956D46DE8}") = "Demos", "Demos", "{34365775-32F0-461D-974C-C357349D86D9}"
EndProject
Project("{FAE04EC0-301F-11D3-BF4B-00C04F79EFBC}") = "FloatingWindow.Silverlight.Demo", "FloatingWindow\FloatingWindow.Silverlight.Demo\FloatingWindow.Silverlight.Demo\FloatingWindow.Silverlight.Demo.csproj", "{48FCE6B6-BFFA-48A4-B871-27A5F8640AB1}"
EndProject
Project("{FAE04EC0-301F-11D3-BF4B-00C04F79EFBC}") = "FloatingWindowZUI.Silverlight.Demo.Simple", "FloatingWindowZUI\FloatingWindowZUI.Silverlight.Demo.Simple\FloatingWindowZUI.Silverlight.Demo.Simple\FloatingWindowZUI.Silverlight.Demo.Simple.csproj", "{E0C38766-30EE-4ED8-82B8-CBDD2185FE39}"
EndProject
Project("{FAE04EC0-301F-11D3-BF4B-00C04F79EFBC}") = "ZoomAndPan.Demo.TestZoom.Silverlight", "ZoomAndPan\ZoomAndPan.Demo.TestZoom\ZoomAndPan.Demo.TestZoom.Silverlight\ZoomAndPan.Demo.TestZoom.Silverlight.csproj", "{94616396-F9C8-4EB8-82A4-9B1C3994CFBB}"
EndProject
Global
	GlobalSection(SolutionConfigurationPlatforms) = preSolution
		Debug|Any CPU = Debug|Any CPU
		Debug|x86 = Debug|x86
		Release|Any CPU = Release|Any CPU
		Release|x86 = Release|x86
	EndGlobalSection
	GlobalSection(ProjectConfigurationPlatforms) = postSolution
		{8E75887A-A164-41B8-86D5-8DC37768B5A3}.Debug|Any CPU.ActiveCfg = Debug|Any CPU
		{8E75887A-A164-41B8-86D5-8DC37768B5A3}.Debug|Any CPU.Build.0 = Debug|Any CPU
		{8E75887A-A164-41B8-86D5-8DC37768B5A3}.Debug|x86.ActiveCfg = Debug|Any CPU
		{8E75887A-A164-41B8-86D5-8DC37768B5A3}.Debug|x86.Build.0 = Debug|Any CPU
		{8E75887A-A164-41B8-86D5-8DC37768B5A3}.Release|Any CPU.ActiveCfg = Release|Any CPU
		{8E75887A-A164-41B8-86D5-8DC37768B5A3}.Release|Any CPU.Build.0 = Release|Any CPU
		{8E75887A-A164-41B8-86D5-8DC37768B5A3}.Release|x86.ActiveCfg = Release|Any CPU
		{8E75887A-A164-41B8-86D5-8DC37768B5A3}.Release|x86.Build.0 = Release|Any CPU
		{D7D67F52-7B9B-4DE5-9B72-534664F296B7}.Debug|Any CPU.ActiveCfg = Debug|Any CPU
		{D7D67F52-7B9B-4DE5-9B72-534664F296B7}.Debug|Any CPU.Build.0 = Debug|Any CPU
		{D7D67F52-7B9B-4DE5-9B72-534664F296B7}.Debug|x86.ActiveCfg = Debug|Any CPU
		{D7D67F52-7B9B-4DE5-9B72-534664F296B7}.Debug|x86.Build.0 = Debug|Any CPU
		{D7D67F52-7B9B-4DE5-9B72-534664F296B7}.Release|Any CPU.ActiveCfg = Release|Any CPU
		{D7D67F52-7B9B-4DE5-9B72-534664F296B7}.Release|Any CPU.Build.0 = Release|Any CPU
		{D7D67F52-7B9B-4DE5-9B72-534664F296B7}.Release|x86.ActiveCfg = Release|Any CPU
		{D7D67F52-7B9B-4DE5-9B72-534664F296B7}.Release|x86.Build.0 = Release|Any CPU
		{3F3D3C8C-9724-4531-A04D-B92049F64686}.Debug|Any CPU.ActiveCfg = Debug|Any CPU
		{3F3D3C8C-9724-4531-A04D-B92049F64686}.Debug|Any CPU.Build.0 = Debug|Any CPU
		{3F3D3C8C-9724-4531-A04D-B92049F64686}.Debug|x86.ActiveCfg = Debug|Any CPU
		{3F3D3C8C-9724-4531-A04D-B92049F64686}.Debug|x86.Build.0 = Debug|Any CPU
		{3F3D3C8C-9724-4531-A04D-B92049F64686}.Release|Any CPU.ActiveCfg = Release|Any CPU
		{3F3D3C8C-9724-4531-A04D-B92049F64686}.Release|Any CPU.Build.0 = Release|Any CPU
		{3F3D3C8C-9724-4531-A04D-B92049F64686}.Release|x86.ActiveCfg = Release|Any CPU
		{3F3D3C8C-9724-4531-A04D-B92049F64686}.Release|x86.Build.0 = Release|Any CPU
		{7C67AC53-E3BC-4482-8DFB-4CBAA644D280}.Debug|Any CPU.ActiveCfg = Debug|Any CPU
		{7C67AC53-E3BC-4482-8DFB-4CBAA644D280}.Debug|Any CPU.Build.0 = Debug|Any CPU
		{7C67AC53-E3BC-4482-8DFB-4CBAA644D280}.Debug|x86.ActiveCfg = Debug|Any CPU
		{7C67AC53-E3BC-4482-8DFB-4CBAA644D280}.Debug|x86.Build.0 = Debug|Any CPU
		{7C67AC53-E3BC-4482-8DFB-4CBAA644D280}.Release|Any CPU.ActiveCfg = Release|Any CPU
		{7C67AC53-E3BC-4482-8DFB-4CBAA644D280}.Release|Any CPU.Build.0 = Release|Any CPU
		{7C67AC53-E3BC-4482-8DFB-4CBAA644D280}.Release|x86.ActiveCfg = Release|Any CPU
		{7C67AC53-E3BC-4482-8DFB-4CBAA644D280}.Release|x86.Build.0 = Release|Any CPU
		{468ADEDE-6F5E-40C0-99C9-C6DAC4FAC934}.Debug|Any CPU.ActiveCfg = Debug|Any CPU
		{468ADEDE-6F5E-40C0-99C9-C6DAC4FAC934}.Debug|Any CPU.Build.0 = Debug|Any CPU
		{468ADEDE-6F5E-40C0-99C9-C6DAC4FAC934}.Debug|x86.ActiveCfg = Debug|Any CPU
		{468ADEDE-6F5E-40C0-99C9-C6DAC4FAC934}.Debug|x86.Build.0 = Debug|Any CPU
		{468ADEDE-6F5E-40C0-99C9-C6DAC4FAC934}.Release|Any CPU.ActiveCfg = Release|Any CPU
		{468ADEDE-6F5E-40C0-99C9-C6DAC4FAC934}.Release|Any CPU.Build.0 = Release|Any CPU
		{468ADEDE-6F5E-40C0-99C9-C6DAC4FAC934}.Release|x86.ActiveCfg = Release|Any CPU
		{468ADEDE-6F5E-40C0-99C9-C6DAC4FAC934}.Release|x86.Build.0 = Release|Any CPU
		{B467CD19-5D56-46FF-B3CA-10FE778F36E9}.Debug|Any CPU.ActiveCfg = Debug|Any CPU
		{B467CD19-5D56-46FF-B3CA-10FE778F36E9}.Debug|Any CPU.Build.0 = Debug|Any CPU
		{B467CD19-5D56-46FF-B3CA-10FE778F36E9}.Debug|x86.ActiveCfg = Debug|Any CPU
		{B467CD19-5D56-46FF-B3CA-10FE778F36E9}.Debug|x86.Build.0 = Debug|Any CPU
		{B467CD19-5D56-46FF-B3CA-10FE778F36E9}.Release|Any CPU.ActiveCfg = Release|Any CPU
		{B467CD19-5D56-46FF-B3CA-10FE778F36E9}.Release|Any CPU.Build.0 = Release|Any CPU
		{B467CD19-5D56-46FF-B3CA-10FE778F36E9}.Release|x86.ActiveCfg = Release|Any CPU
		{B467CD19-5D56-46FF-B3CA-10FE778F36E9}.Release|x86.Build.0 = Release|Any CPU
		{A7CB8324-81B9-48C4-9357-3AAD3A4E8982}.Debug|Any CPU.ActiveCfg = Debug|x86
		{A7CB8324-81B9-48C4-9357-3AAD3A4E8982}.Debug|x86.ActiveCfg = Debug|x86
		{A7CB8324-81B9-48C4-9357-3AAD3A4E8982}.Debug|x86.Build.0 = Debug|x86
		{A7CB8324-81B9-48C4-9357-3AAD3A4E8982}.Release|Any CPU.ActiveCfg = Release|x86
		{A7CB8324-81B9-48C4-9357-3AAD3A4E8982}.Release|x86.ActiveCfg = Release|x86
		{A7CB8324-81B9-48C4-9357-3AAD3A4E8982}.Release|x86.Build.0 = Release|x86
		{33CE99A3-8F43-421C-997A-4FF17FE1BE61}.Debug|Any CPU.ActiveCfg = Debug|x86
		{33CE99A3-8F43-421C-997A-4FF17FE1BE61}.Debug|x86.ActiveCfg = Debug|x86
		{33CE99A3-8F43-421C-997A-4FF17FE1BE61}.Debug|x86.Build.0 = Debug|x86
		{33CE99A3-8F43-421C-997A-4FF17FE1BE61}.Release|Any CPU.ActiveCfg = Release|x86
		{33CE99A3-8F43-421C-997A-4FF17FE1BE61}.Release|x86.ActiveCfg = Release|x86
		{33CE99A3-8F43-421C-997A-4FF17FE1BE61}.Release|x86.Build.0 = Release|x86
		{A84A4C53-7584-4F14-B1A9-109CF127C59C}.Debug|Any CPU.ActiveCfg = Debug|Any CPU
		{A84A4C53-7584-4F14-B1A9-109CF127C59C}.Debug|Any CPU.Build.0 = Debug|Any CPU
		{A84A4C53-7584-4F14-B1A9-109CF127C59C}.Debug|x86.ActiveCfg = Debug|Any CPU
		{A84A4C53-7584-4F14-B1A9-109CF127C59C}.Debug|x86.Build.0 = Debug|Any CPU
		{A84A4C53-7584-4F14-B1A9-109CF127C59C}.Release|Any CPU.ActiveCfg = Release|Any CPU
		{A84A4C53-7584-4F14-B1A9-109CF127C59C}.Release|Any CPU.Build.0 = Release|Any CPU
		{A84A4C53-7584-4F14-B1A9-109CF127C59C}.Release|x86.ActiveCfg = Release|Any CPU
		{A84A4C53-7584-4F14-B1A9-109CF127C59C}.Release|x86.Build.0 = Release|Any CPU
		{48FCE6B6-BFFA-48A4-B871-27A5F8640AB1}.Debug|Any CPU.ActiveCfg = Debug|Any CPU
		{48FCE6B6-BFFA-48A4-B871-27A5F8640AB1}.Debug|Any CPU.Build.0 = Debug|Any CPU
		{48FCE6B6-BFFA-48A4-B871-27A5F8640AB1}.Debug|x86.ActiveCfg = Debug|Any CPU
		{48FCE6B6-BFFA-48A4-B871-27A5F8640AB1}.Debug|x86.Build.0 = Debug|Any CPU
		{48FCE6B6-BFFA-48A4-B871-27A5F8640AB1}.Release|Any CPU.ActiveCfg = Release|Any CPU
		{48FCE6B6-BFFA-48A4-B871-27A5F8640AB1}.Release|Any CPU.Build.0 = Release|Any CPU
		{48FCE6B6-BFFA-48A4-B871-27A5F8640AB1}.Release|x86.ActiveCfg = Release|Any CPU
		{48FCE6B6-BFFA-48A4-B871-27A5F8640AB1}.Release|x86.Build.0 = Release|Any CPU
		{E0C38766-30EE-4ED8-82B8-CBDD2185FE39}.Debug|Any CPU.ActiveCfg = Debug|Any CPU
		{E0C38766-30EE-4ED8-82B8-CBDD2185FE39}.Debug|Any CPU.Build.0 = Debug|Any CPU
		{E0C38766-30EE-4ED8-82B8-CBDD2185FE39}.Debug|x86.ActiveCfg = Debug|Any CPU
		{E0C38766-30EE-4ED8-82B8-CBDD2185FE39}.Debug|x86.Build.0 = Debug|Any CPU
		{E0C38766-30EE-4ED8-82B8-CBDD2185FE39}.Release|Any CPU.ActiveCfg = Release|Any CPU
		{E0C38766-30EE-4ED8-82B8-CBDD2185FE39}.Release|Any CPU.Build.0 = Release|Any CPU
		{E0C38766-30EE-4ED8-82B8-CBDD2185FE39}.Release|x86.ActiveCfg = Release|Any CPU
		{E0C38766-30EE-4ED8-82B8-CBDD2185FE39}.Release|x86.Build.0 = Release|Any CPU
		{94616396-F9C8-4EB8-82A4-9B1C3994CFBB}.Debug|Any CPU.ActiveCfg = Debug|Any CPU
		{94616396-F9C8-4EB8-82A4-9B1C3994CFBB}.Debug|Any CPU.Build.0 = Debug|Any CPU
		{94616396-F9C8-4EB8-82A4-9B1C3994CFBB}.Debug|x86.ActiveCfg = Debug|Any CPU
		{94616396-F9C8-4EB8-82A4-9B1C3994CFBB}.Debug|x86.Build.0 = Debug|Any CPU
		{94616396-F9C8-4EB8-82A4-9B1C3994CFBB}.Release|Any CPU.ActiveCfg = Release|Any CPU
		{94616396-F9C8-4EB8-82A4-9B1C3994CFBB}.Release|Any CPU.Build.0 = Release|Any CPU
		{94616396-F9C8-4EB8-82A4-9B1C3994CFBB}.Release|x86.ActiveCfg = Release|Any CPU
		{94616396-F9C8-4EB8-82A4-9B1C3994CFBB}.Release|x86.Build.0 = Release|Any CPU
	EndGlobalSection
	GlobalSection(SolutionProperties) = preSolution
		HideSolutionNode = FALSE
	EndGlobalSection
	GlobalSection(NestedProjects) = preSolution
		{8E75887A-A164-41B8-86D5-8DC37768B5A3} = {27B0C3BF-B244-478B-90A3-B39BC997F285}
		{D7D67F52-7B9B-4DE5-9B72-534664F296B7} = {27B0C3BF-B244-478B-90A3-B39BC997F285}
		{3F3D3C8C-9724-4531-A04D-B92049F64686} = {27B0C3BF-B244-478B-90A3-B39BC997F285}
		{7C67AC53-E3BC-4482-8DFB-4CBAA644D280} = {760B5104-37F8-4671-BC8E-EA2309F847A8}
		{468ADEDE-6F5E-40C0-99C9-C6DAC4FAC934} = {760B5104-37F8-4671-BC8E-EA2309F847A8}
		{B467CD19-5D56-46FF-B3CA-10FE778F36E9} = {760B5104-37F8-4671-BC8E-EA2309F847A8}
		{83B3BF55-8C1A-42E6-A64A-8764FAE473C4} = {760B5104-37F8-4671-BC8E-EA2309F847A8}
		{A7CB8324-81B9-48C4-9357-3AAD3A4E8982} = {83B3BF55-8C1A-42E6-A64A-8764FAE473C4}
		{33CE99A3-8F43-421C-997A-4FF17FE1BE61} = {83B3BF55-8C1A-42E6-A64A-8764FAE473C4}
		{A84A4C53-7584-4F14-B1A9-109CF127C59C} = {83B3BF55-8C1A-42E6-A64A-8764FAE473C4}
		{34365775-32F0-461D-974C-C357349D86D9} = {27B0C3BF-B244-478B-90A3-B39BC997F285}
		{48FCE6B6-BFFA-48A4-B871-27A5F8640AB1} = {34365775-32F0-461D-974C-C357349D86D9}
		{E0C38766-30EE-4ED8-82B8-CBDD2185FE39} = {34365775-32F0-461D-974C-C357349D86D9}
		{94616396-F9C8-4EB8-82A4-9B1C3994CFBB} = {34365775-32F0-461D-974C-C357349D86D9}
	EndGlobalSection
EndGlobal
